// !$*UTF8*$!
{
	archiveVersion = 1;
	classes = {
	};
	objectVersion = 50;
	objects = {

/* Begin PBXBuildFile section */
		5B5DB2EB9B5599F6760FCA16 /* Pods_DeepNavigatorExample.framework in Frameworks */ = {isa = PBXBuildFile; fileRef = 40038C043D9DE3311322FC92 /* Pods_DeepNavigatorExample.framework */; };
		6443120423DA037400933A5F /* AppDelegate.swift in Sources */ = {isa = PBXBuildFile; fileRef = 6443120323DA037400933A5F /* AppDelegate.swift */; };
		6443120823DA037400933A5F /* ViewController.swift in Sources */ = {isa = PBXBuildFile; fileRef = 6443120723DA037400933A5F /* ViewController.swift */; };
		6443120B23DA037400933A5F /* Main.storyboard in Resources */ = {isa = PBXBuildFile; fileRef = 6443120923DA037400933A5F /* Main.storyboard */; };
		6443120D23DA037500933A5F /* Assets.xcassets in Resources */ = {isa = PBXBuildFile; fileRef = 6443120C23DA037500933A5F /* Assets.xcassets */; };
		6443121023DA037500933A5F /* LaunchScreen.storyboard in Resources */ = {isa = PBXBuildFile; fileRef = 6443120E23DA037500933A5F /* LaunchScreen.storyboard */; };
/* End PBXBuildFile section */

/* Begin PBXFileReference section */
		40038C043D9DE3311322FC92 /* Pods_DeepNavigatorExample.framework */ = {isa = PBXFileReference; explicitFileType = wrapper.framework; includeInIndex = 0; path = Pods_DeepNavigatorExample.framework; sourceTree = BUILT_PRODUCTS_DIR; };
		50A37A3A0418971969907896 /* Pods-DeepNavigatorExample.release.xcconfig */ = {isa = PBXFileReference; includeInIndex = 1; lastKnownFileType = text.xcconfig; name = "Pods-DeepNavigatorExample.release.xcconfig"; path = "Target Support Files/Pods-DeepNavigatorExample/Pods-DeepNavigatorExample.release.xcconfig"; sourceTree = "<group>"; };
		6443120023DA037400933A5F /* DeepNavigatorExample.app */ = {isa = PBXFileReference; explicitFileType = wrapper.application; includeInIndex = 0; path = DeepNavigatorExample.app; sourceTree = BUILT_PRODUCTS_DIR; };
		6443120323DA037400933A5F /* AppDelegate.swift */ = {isa = PBXFileReference; lastKnownFileType = sourcecode.swift; path = AppDelegate.swift; sourceTree = "<group>"; };
		6443120723DA037400933A5F /* ViewController.swift */ = {isa = PBXFileReference; lastKnownFileType = sourcecode.swift; path = ViewController.swift; sourceTree = "<group>"; };
		6443120A23DA037400933A5F /* Base */ = {isa = PBXFileReference; lastKnownFileType = file.storyboard; name = Base; path = Base.lproj/Main.storyboard; sourceTree = "<group>"; };
		6443120C23DA037500933A5F /* Assets.xcassets */ = {isa = PBXFileReference; lastKnownFileType = folder.assetcatalog; path = Assets.xcassets; sourceTree = "<group>"; };
		6443120F23DA037500933A5F /* Base */ = {isa = PBXFileReference; lastKnownFileType = file.storyboard; name = Base; path = Base.lproj/LaunchScreen.storyboard; sourceTree = "<group>"; };
		6443121123DA037500933A5F /* Info.plist */ = {isa = PBXFileReference; lastKnownFileType = text.plist.xml; path = Info.plist; sourceTree = "<group>"; };
		6EA70C1AAB871CCF82918C03 /* Pods-DeepNavigatorExample.debug.xcconfig */ = {isa = PBXFileReference; includeInIndex = 1; lastKnownFileType = text.xcconfig; name = "Pods-DeepNavigatorExample.debug.xcconfig"; path = "Target Support Files/Pods-DeepNavigatorExample/Pods-DeepNavigatorExample.debug.xcconfig"; sourceTree = "<group>"; };
/* End PBXFileReference section */

/* Begin PBXFrameworksBuildPhase section */
		644311FD23DA037400933A5F /* Frameworks */ = {
			isa = PBXFrameworksBuildPhase;
			buildActionMask = 2147483647;
			files = (
				5B5DB2EB9B5599F6760FCA16 /* Pods_DeepNavigatorExample.framework in Frameworks */,
			);
			runOnlyForDeploymentPostprocessing = 0;
		};
/* End PBXFrameworksBuildPhase section */

/* Begin PBXGroup section */
		0A6640C8DE66731D978472C4 /* Pods */ = {
			isa = PBXGroup;
			children = (
				6EA70C1AAB871CCF82918C03 /* Pods-DeepNavigatorExample.debug.xcconfig */,
				50A37A3A0418971969907896 /* Pods-DeepNavigatorExample.release.xcconfig */,
			);
			name = Pods;
			path = Pods;
			sourceTree = "<group>";
		};
		644311F723DA037400933A5F = {
			isa = PBXGroup;
			children = (
				6443120223DA037400933A5F /* DeepNavigatorExample */,
				6443120123DA037400933A5F /* Products */,
				0A6640C8DE66731D978472C4 /* Pods */,
				AF4293C3039D70C1485FD674 /* Frameworks */,
			);
			sourceTree = "<group>";
		};
		6443120123DA037400933A5F /* Products */ = {
			isa = PBXGroup;
			children = (
				6443120023DA037400933A5F /* DeepNavigatorExample.app */,
			);
			name = Products;
			sourceTree = "<group>";
		};
		6443120223DA037400933A5F /* DeepNavigatorExample */ = {
			isa = PBXGroup;
			children = (
				6443120323DA037400933A5F /* AppDelegate.swift */,
				6443120723DA037400933A5F /* ViewController.swift */,
				6443120923DA037400933A5F /* Main.storyboard */,
				6443120C23DA037500933A5F /* Assets.xcassets */,
				6443120E23DA037500933A5F /* LaunchScreen.storyboard */,
				6443121123DA037500933A5F /* Info.plist */,
			);
			path = DeepNavigatorExample;
			sourceTree = "<group>";
		};
		AF4293C3039D70C1485FD674 /* Frameworks */ = {
			isa = PBXGroup;
			children = (
				40038C043D9DE3311322FC92 /* Pods_DeepNavigatorExample.framework */,
			);
			name = Frameworks;
			sourceTree = "<group>";
		};
/* End PBXGroup section */

/* Begin PBXNativeTarget section */
		644311FF23DA037400933A5F /* DeepNavigatorExample */ = {
			isa = PBXNativeTarget;
			buildConfigurationList = 6443121423DA037500933A5F /* Build configuration list for PBXNativeTarget "DeepNavigatorExample" */;
			buildPhases = (
				2DC341103C7F0A8567FA4DEA /* [CP] Check Pods Manifest.lock */,
				644311FC23DA037400933A5F /* Sources */,
				644311FD23DA037400933A5F /* Frameworks */,
				644311FE23DA037400933A5F /* Resources */,
				9FA975B426A89093200E97D2 /* [CP] Embed Pods Frameworks */,
			);
			buildRules = (
			);
			dependencies = (
			);
			name = DeepNavigatorExample;
			productName = DeepNavigatorExample;
			productReference = 6443120023DA037400933A5F /* DeepNavigatorExample.app */;
			productType = "com.apple.product-type.application";
		};
/* End PBXNativeTarget section */

/* Begin PBXProject section */
		644311F823DA037400933A5F /* Project object */ = {
			isa = PBXProject;
			attributes = {
				LastSwiftUpdateCheck = 1130;
				LastUpgradeCheck = 1130;
				ORGANIZATIONNAME = HungerStation;
				TargetAttributes = {
					644311FF23DA037400933A5F = {
						CreatedOnToolsVersion = 11.3.1;
					};
				};
			};
			buildConfigurationList = 644311FB23DA037400933A5F /* Build configuration list for PBXProject "DeepNavigatorExample" */;
			compatibilityVersion = "Xcode 9.3";
			developmentRegion = en;
			hasScannedForEncodings = 0;
			knownRegions = (
				en,
				Base,
			);
			mainGroup = 644311F723DA037400933A5F;
			productRefGroup = 6443120123DA037400933A5F /* Products */;
			projectDirPath = "";
			projectRoot = "";
			targets = (
				644311FF23DA037400933A5F /* DeepNavigatorExample */,
			);
		};
/* End PBXProject section */

/* Begin PBXResourcesBuildPhase section */
		644311FE23DA037400933A5F /* Resources */ = {
			isa = PBXResourcesBuildPhase;
			buildActionMask = 2147483647;
			files = (
				6443121023DA037500933A5F /* LaunchScreen.storyboard in Resources */,
				6443120D23DA037500933A5F /* Assets.xcassets in Resources */,
				6443120B23DA037400933A5F /* Main.storyboard in Resources */,
			);
			runOnlyForDeploymentPostprocessing = 0;
		};
/* End PBXResourcesBuildPhase section */

/* Begin PBXShellScriptBuildPhase section */
		2DC341103C7F0A8567FA4DEA /* [CP] Check Pods Manifest.lock */ = {
			isa = PBXShellScriptBuildPhase;
			buildActionMask = 2147483647;
			files = (
			);
			inputFileListPaths = (
			);
			inputPaths = (
				"${PODS_PODFILE_DIR_PATH}/Podfile.lock",
				"${PODS_ROOT}/Manifest.lock",
			);
			name = "[CP] Check Pods Manifest.lock";
			outputFileListPaths = (
			);
			outputPaths = (
				"$(DERIVED_FILE_DIR)/Pods-DeepNavigatorExample-checkManifestLockResult.txt",
			);
			runOnlyForDeploymentPostprocessing = 0;
			shellPath = /bin/sh;
			shellScript = "diff \"${PODS_PODFILE_DIR_PATH}/Podfile.lock\" \"${PODS_ROOT}/Manifest.lock\" > /dev/null\nif [ $? != 0 ] ; then\n    # print error to STDERR\n    echo \"error: The sandbox is not in sync with the Podfile.lock. Run 'pod install' or update your CocoaPods installation.\" >&2\n    exit 1\nfi\n# This output is used by Xcode 'outputs' to avoid re-running this script phase.\necho \"SUCCESS\" > \"${SCRIPT_OUTPUT_FILE_0}\"\n";
			showEnvVarsInLog = 0;
		};
		9FA975B426A89093200E97D2 /* [CP] Embed Pods Frameworks */ = {
			isa = PBXShellScriptBuildPhase;
			buildActionMask = 2147483647;
			files = (
			);
			inputFileListPaths = (
				"${PODS_ROOT}/Target Support Files/Pods-DeepNavigatorExample/Pods-DeepNavigatorExample-frameworks-${CONFIGURATION}-input-files.xcfilelist",
			);
			name = "[CP] Embed Pods Frameworks";
			outputFileListPaths = (
				"${PODS_ROOT}/Target Support Files/Pods-DeepNavigatorExample/Pods-DeepNavigatorExample-frameworks-${CONFIGURATION}-output-files.xcfilelist",
			);
			runOnlyForDeploymentPostprocessing = 0;
			shellPath = /bin/sh;
			shellScript = "\"${PODS_ROOT}/Target Support Files/Pods-DeepNavigatorExample/Pods-DeepNavigatorExample-frameworks.sh\"\n";
			showEnvVarsInLog = 0;
		};
/* End PBXShellScriptBuildPhase section */

/* Begin PBXSourcesBuildPhase section */
		644311FC23DA037400933A5F /* Sources */ = {
			isa = PBXSourcesBuildPhase;
			buildActionMask = 2147483647;
			files = (
				6443120823DA037400933A5F /* ViewController.swift in Sources */,
				6443120423DA037400933A5F /* AppDelegate.swift in Sources */,
			);
			runOnlyForDeploymentPostprocessing = 0;
		};
/* End PBXSourcesBuildPhase section */

/* Begin PBXVariantGroup section */
		6443120923DA037400933A5F /* Main.storyboard */ = {
			isa = PBXVariantGroup;
			children = (
				6443120A23DA037400933A5F /* Base */,
			);
			name = Main.storyboard;
			sourceTree = "<group>";
		};
		6443120E23DA037500933A5F /* LaunchScreen.storyboard */ = {
			isa = PBXVariantGroup;
			children = (
				6443120F23DA037500933A5F /* Base */,
			);
			name = LaunchScreen.storyboard;
			sourceTree = "<group>";
		};
/* End PBXVariantGroup section */

/* Begin XCBuildConfiguration section */
		6443121223DA037500933A5F /* Debug */ = {
			isa = XCBuildConfiguration;
			buildSettings = {
				ALWAYS_SEARCH_USER_PATHS = NO;
				CLANG_ANALYZER_NONNULL = YES;
				CLANG_ANALYZER_NUMBER_OBJECT_CONVERSION = YES_AGGRESSIVE;
				CLANG_CXX_LANGUAGE_STANDARD = "gnu++14";
				CLANG_CXX_LIBRARY = "libc++";
				CLANG_ENABLE_MODULES = YES;
				CLANG_ENABLE_OBJC_ARC = YES;
				CLANG_ENABLE_OBJC_WEAK = YES;
				CLANG_WARN_BLOCK_CAPTURE_AUTORELEASING = YES;
				CLANG_WARN_BOOL_CONVERSION = YES;
				CLANG_WARN_COMMA = YES;
				CLANG_WARN_CONSTANT_CONVERSION = YES;
				CLANG_WARN_DEPRECATED_OBJC_IMPLEMENTATIONS = YES;
				CLANG_WARN_DIRECT_OBJC_ISA_USAGE = YES_ERROR;
				CLANG_WARN_DOCUMENTATION_COMMENTS = YES;
				CLANG_WARN_EMPTY_BODY = YES;
				CLANG_WARN_ENUM_CONVERSION = YES;
				CLANG_WARN_INFINITE_RECURSION = YES;
				CLANG_WARN_INT_CONVERSION = YES;
				CLANG_WARN_NON_LITERAL_NULL_CONVERSION = YES;
				CLANG_WARN_OBJC_IMPLICIT_RETAIN_SELF = YES;
				CLANG_WARN_OBJC_LITERAL_CONVERSION = YES;
				CLANG_WARN_OBJC_ROOT_CLASS = YES_ERROR;
				CLANG_WARN_RANGE_LOOP_ANALYSIS = YES;
				CLANG_WARN_STRICT_PROTOTYPES = YES;
				CLANG_WARN_SUSPICIOUS_MOVE = YES;
				CLANG_WARN_UNGUARDED_AVAILABILITY = YES_AGGRESSIVE;
				CLANG_WARN_UNREACHABLE_CODE = YES;
				CLANG_WARN__DUPLICATE_METHOD_MATCH = YES;
				COPY_PHASE_STRIP = NO;
				DEBUG_INFORMATION_FORMAT = dwarf;
				ENABLE_STRICT_OBJC_MSGSEND = YES;
				ENABLE_TESTABILITY = YES;
				GCC_C_LANGUAGE_STANDARD = gnu11;
				GCC_DYNAMIC_NO_PIC = NO;
				GCC_NO_COMMON_BLOCKS = YES;
				GCC_OPTIMIZATION_LEVEL = 0;
				GCC_PREPROCESSOR_DEFINITIONS = (
					"DEBUG=1",
					"$(inherited)",
				);
				GCC_WARN_64_TO_32_BIT_CONVERSION = YES;
				GCC_WARN_ABOUT_RETURN_TYPE = YES_ERROR;
				GCC_WARN_UNDECLARED_SELECTOR = YES;
				GCC_WARN_UNINITIALIZED_AUTOS = YES_AGGRESSIVE;
				GCC_WARN_UNUSED_FUNCTION = YES;
				GCC_WARN_UNUSED_VARIABLE = YES;
				IPHONEOS_DEPLOYMENT_TARGET = 13.2;
				MTL_ENABLE_DEBUG_INFO = INCLUDE_SOURCE;
				MTL_FAST_MATH = YES;
				ONLY_ACTIVE_ARCH = YES;
				SDKROOT = iphoneos;
				SWIFT_ACTIVE_COMPILATION_CONDITIONS = DEBUG;
				SWIFT_OPTIMIZATION_LEVEL = "-Onone";
			};
			name = Debug;
		};
		6443121323DA037500933A5F /* Release */ = {
			isa = XCBuildConfiguration;
			buildSettings = {
				ALWAYS_SEARCH_USER_PATHS = NO;
				CLANG_ANALYZER_NONNULL = YES;
				CLANG_ANALYZER_NUMBER_OBJECT_CONVERSION = YES_AGGRESSIVE;
				CLANG_CXX_LANGUAGE_STANDARD = "gnu++14";
				CLANG_CXX_LIBRARY = "libc++";
				CLANG_ENABLE_MODULES = YES;
				CLANG_ENABLE_OBJC_ARC = YES;
				CLANG_ENABLE_OBJC_WEAK = YES;
				CLANG_WARN_BLOCK_CAPTURE_AUTORELEASING = YES;
				CLANG_WARN_BOOL_CONVERSION = YES;
				CLANG_WARN_COMMA = YES;
				CLANG_WARN_CONSTANT_CONVERSION = YES;
				CLANG_WARN_DEPRECATED_OBJC_IMPLEMENTATIONS = YES;
				CLANG_WARN_DIRECT_OBJC_ISA_USAGE = YES_ERROR;
				CLANG_WARN_DOCUMENTATION_COMMENTS = YES;
				CLANG_WARN_EMPTY_BODY = YES;
				CLANG_WARN_ENUM_CONVERSION = YES;
				CLANG_WARN_INFINITE_RECURSION = YES;
				CLANG_WARN_INT_CONVERSION = YES;
				CLANG_WARN_NON_LITERAL_NULL_CONVERSION = YES;
				CLANG_WARN_OBJC_IMPLICIT_RETAIN_SELF = YES;
				CLANG_WARN_OBJC_LITERAL_CONVERSION = YES;
				CLANG_WARN_OBJC_ROOT_CLASS = YES_ERROR;
				CLANG_WARN_RANGE_LOOP_ANALYSIS = YES;
				CLANG_WARN_STRICT_PROTOTYPES = YES;
				CLANG_WARN_SUSPICIOUS_MOVE = YES;
				CLANG_WARN_UNGUARDED_AVAILABILITY = YES_AGGRESSIVE;
				CLANG_WARN_UNREACHABLE_CODE = YES;
				CLANG_WARN__DUPLICATE_METHOD_MATCH = YES;
				COPY_PHASE_STRIP = NO;
				DEBUG_INFORMATION_FORMAT = "dwarf-with-dsym";
				ENABLE_NS_ASSERTIONS = NO;
				ENABLE_STRICT_OBJC_MSGSEND = YES;
				GCC_C_LANGUAGE_STANDARD = gnu11;
				GCC_NO_COMMON_BLOCKS = YES;
				GCC_WARN_64_TO_32_BIT_CONVERSION = YES;
				GCC_WARN_ABOUT_RETURN_TYPE = YES_ERROR;
				GCC_WARN_UNDECLARED_SELECTOR = YES;
				GCC_WARN_UNINITIALIZED_AUTOS = YES_AGGRESSIVE;
				GCC_WARN_UNUSED_FUNCTION = YES;
				GCC_WARN_UNUSED_VARIABLE = YES;
				IPHONEOS_DEPLOYMENT_TARGET = 13.2;
				MTL_ENABLE_DEBUG_INFO = NO;
				MTL_FAST_MATH = YES;
				SDKROOT = iphoneos;
				SWIFT_COMPILATION_MODE = wholemodule;
				SWIFT_OPTIMIZATION_LEVEL = "-O";
				VALIDATE_PRODUCT = YES;
			};
			name = Release;
		};
		6443121523DA037500933A5F /* Debug */ = {
			isa = XCBuildConfiguration;
			baseConfigurationReference = 6EA70C1AAB871CCF82918C03 /* Pods-DeepNavigatorExample.debug.xcconfig */;
			buildSettings = {
				ASSETCATALOG_COMPILER_APPICON_NAME = AppIcon;
				CODE_SIGN_STYLE = Automatic;
				DEVELOPMENT_TEAM = WK247W7C8M;
				INFOPLIST_FILE = DeepNavigatorExample/Info.plist;
				LD_RUNPATH_SEARCH_PATHS = (
					"$(inherited)",
					"@executable_path/Frameworks",
				);
				PRODUCT_BUNDLE_IDENTIFIER = com.hungerstation.DeepNavigatorExample;
				PRODUCT_NAME = "$(TARGET_NAME)";
				SWIFT_VERSION = 5.0;
				TARGETED_DEVICE_FAMILY = "1,2";
			};
			name = Debug;
		};
		6443121623DA037500933A5F /* Release */ = {
			isa = XCBuildConfiguration;
			baseConfigurationReference = 50A37A3A0418971969907896 /* Pods-DeepNavigatorExample.release.xcconfig */;
			buildSettings = {
				ASSETCATALOG_COMPILER_APPICON_NAME = AppIcon;
				CODE_SIGN_STYLE = Automatic;
				DEVELOPMENT_TEAM = WK247W7C8M;
				INFOPLIST_FILE = DeepNavigatorExample/Info.plist;
				LD_RUNPATH_SEARCH_PATHS = (
					"$(inherited)",
					"@executable_path/Frameworks",
				);
				PRODUCT_BUNDLE_IDENTIFIER = com.hungerstation.DeepNavigatorExample;
				PRODUCT_NAME = "$(TARGET_NAME)";
				SWIFT_VERSION = 5.0;
				TARGETED_DEVICE_FAMILY = "1,2";
			};
			name = Release;
		};
/* End XCBuildConfiguration section */

/* Begin XCConfigurationList section */
		644311FB23DA037400933A5F /* Build configuration list for PBXProject "DeepNavigatorExample" */ = {
			isa = XCConfigurationList;
			buildConfigurations = (
				6443121223DA037500933A5F /* Debug */,
				6443121323DA037500933A5F /* Release */,
			);
			defaultConfigurationIsVisible = 0;
			defaultConfigurationName = Release;
		};
		6443121423DA037500933A5F /* Build configuration list for PBXNativeTarget "DeepNavigatorExample" */ = {
			isa = XCConfigurationList;
			buildConfigurations = (
				6443121523DA037500933A5F /* Debug */,
				6443121623DA037500933A5F /* Release */,
			);
			defaultConfigurationIsVisible = 0;
			defaultConfigurationName = Release;
		};
/* End XCConfigurationList section */
	};
	rootObject = 644311F823DA037400933A5F /* Project object */;
}
